{
  "name": "cloudlogger-commonjs",
  "version": "1.0.0",
  "lockfileVersion": 3,
  "requires": true,
  "packages": {
    "": {
      "name": "cloudlogger-commonjs",
      "version": "1.0.0",
      "license": "ISC",
      "dependencies": {
        "@viovnl/cloudlogger": "file://../../"
      }
    },
    "../..": {
      "name": "@viovnl/cloudlogger",
      "version": "1.0.14",
      "license": "ISC",
      "devDependencies": {
        "ts-node": "^10.9.2",
        "tsup": "^8.0.2",
        "typescript": "^5.3.3"
      }
    },
    "node_modules/@viovnl/cloudlogger": {
      "resolved": "../..",
      "link": true
    }
  }
}
