{
  "name": "cloudlogger-nodejs",
  "version": "1.0.0",
  "lockfileVersion": 3,
  "requires": true,
  "packages": {
    "": {
      "name": "cloudlogger-nodejs",
      "version": "1.0.0",
      "license": "ISC",
      "dependencies": {
        "@viovnl/cloudlogger": "^1.0.16"
      }
    },
    "node_modules/@viovnl/cloudlogger": {
      "version": "1.0.16",
      "resolved": "https://registry.npmjs.org/@viovnl/cloudlogger/-/cloudlogger-1.0.16.tgz",
      "integrity": "sha512-d214h+eHuDtqsioGOu0rZxotAmWmEdmgtPz8HkLNlEOQ7c57YFEGFHTNH514kreeJy6F8FUrEMT9m1KJXUi1aw=="
    }
  }
}
